
Microsoft Visual Studio Solution File, Format Version 12.00
# Visual Studio Version 16
VisualStudioVersion = 16.0.31702.278
MinimumVisualStudioVersion = 10.0.40219.1
Project("{FAE04EC0-301F-11D3-BF4B-00C04F79EFBC}") = "Kletka", "Kletka\Kletka.csproj", "{43B58712-64AE-4CAF-A378-609386F5BCEC}"
EndProject
Global
	GlobalSection(SolutionConfigurationPlatforms) = preSolution
		Debug|Any CPU = Debug|Any CPU
		Release|Any CPU = Release|Any CPU
	EndGlobalSection
	GlobalSection(ProjectConfigurationPlatforms) = postSolution
		{43B58712-64AE-4CAF-A378-609386F5BCEC}.Debug|Any CPU.ActiveCfg = Debug|Any CPU
		{43B58712-64AE-4CAF-A378-609386F5BCEC}.Debug|Any CPU.Build.0 = Debug|Any CPU
		{43B58712-64AE-4CAF-A378-609386F5BCEC}.Release|Any CPU.ActiveCfg = Release|Any CPU
		{43B58712-64AE-4CAF-A378-609386F5BCEC}.Release|Any CPU.Build.0 = Release|Any CPU
	EndGlobalSection
	GlobalSection(SolutionProperties) = preSolution
		HideSolutionNode = FALSE
	EndGlobalSection
	GlobalSection(ExtensibilityGlobals) = postSolution
		SolutionGuid = {5508EF4B-558C-4D33-AA80-24A16E7576C8}
	EndGlobalSection
EndGlobal
